// !$*UTF8*$!
{
	archiveVersion = 1;
	classes = {
	};
	objectVersion = 46;
	objects = {

/* Begin PBXBuildFile section */
		D8389D161EA111DE003E1D45 /* AppDelegate.swift in Sources */ = {isa = PBXBuildFile; fileRef = D8389D151EA111DE003E1D45 /* AppDelegate.swift */; };
		D8389D1B1EA111DE003E1D45 /* Main.storyboard in Resources */ = {isa = PBXBuildFile; fileRef = D8389D191EA111DE003E1D45 /* Main.storyboard */; };
		D8389D1D1EA111DE003E1D45 /* Assets.xcassets in Resources */ = {isa = PBXBuildFile; fileRef = D8389D1C1EA111DE003E1D45 /* Assets.xcassets */; };
		D8389D201EA111DE003E1D45 /* LaunchScreen.storyboard in Resources */ = {isa = PBXBuildFile; fileRef = D8389D1E1EA111DE003E1D45 /* LaunchScreen.storyboard */; };
		D8389D2B1EA111DE003E1D45 /* SoundCloudMemoryGameTests.swift in Sources */ = {isa = PBXBuildFile; fileRef = D8389D2A1EA111DE003E1D45 /* SoundCloudMemoryGameTests.swift */; };
		D84DC0791EA1182F000DE3DE /* cartfile in Resources */ = {isa = PBXBuildFile; fileRef = D84DC0781EA1182F000DE3DE /* cartfile */; };
		D84DC0871EA119E7000DE3DE /* Result.framework in Frameworks */ = {isa = PBXBuildFile; fileRef = D84DC07B1EA11997000DE3DE /* Result.framework */; };
		D84DC0881EA119E7000DE3DE /* Result.framework in Embed Frameworks */ = {isa = PBXBuildFile; fileRef = D84DC07B1EA11997000DE3DE /* Result.framework */; settings = {ATTRIBUTES = (CodeSignOnCopy, RemoveHeadersOnCopy, ); }; };
		D84DC08D1EA119E7000DE3DE /* ReactiveCocoa.framework in Frameworks */ = {isa = PBXBuildFile; fileRef = D84DC07E1EA11997000DE3DE /* ReactiveCocoa.framework */; };
		D84DC08E1EA119E7000DE3DE /* ReactiveCocoa.framework in Embed Frameworks */ = {isa = PBXBuildFile; fileRef = D84DC07E1EA11997000DE3DE /* ReactiveCocoa.framework */; settings = {ATTRIBUTES = (CodeSignOnCopy, RemoveHeadersOnCopy, ); }; };
		D84DC08F1EA119E7000DE3DE /* ReactiveSwift.framework in Frameworks */ = {isa = PBXBuildFile; fileRef = D84DC07F1EA11997000DE3DE /* ReactiveSwift.framework */; };
		D84DC0901EA119E7000DE3DE /* ReactiveSwift.framework in Embed Frameworks */ = {isa = PBXBuildFile; fileRef = D84DC07F1EA11997000DE3DE /* ReactiveSwift.framework */; settings = {ATTRIBUTES = (CodeSignOnCopy, RemoveHeadersOnCopy, ); }; };
		D84DC0911EA119E7000DE3DE /* SwiftyJSON.framework in Frameworks */ = {isa = PBXBuildFile; fileRef = D84DC0801EA11997000DE3DE /* SwiftyJSON.framework */; };
		D84DC0921EA119E7000DE3DE /* SwiftyJSON.framework in Embed Frameworks */ = {isa = PBXBuildFile; fileRef = D84DC0801EA11997000DE3DE /* SwiftyJSON.framework */; settings = {ATTRIBUTES = (CodeSignOnCopy, RemoveHeadersOnCopy, ); }; };
		D84DC0941EA11A2A000DE3DE /* Quick.framework in Frameworks */ = {isa = PBXBuildFile; fileRef = D84DC07C1EA11997000DE3DE /* Quick.framework */; };
		D84DC0951EA11A2A000DE3DE /* Nimble.framework in Frameworks */ = {isa = PBXBuildFile; fileRef = D84DC07D1EA11997000DE3DE /* Nimble.framework */; };
/* End PBXBuildFile section */

/* Begin PBXContainerItemProxy section */
		D8389D271EA111DE003E1D45 /* PBXContainerItemProxy */ = {
			isa = PBXContainerItemProxy;
			containerPortal = D8389D0A1EA111DE003E1D45 /* Project object */;
			proxyType = 1;
			remoteGlobalIDString = D8389D111EA111DE003E1D45;
			remoteInfo = SoundCloudMemoryGame;
		};
/* End PBXContainerItemProxy section */

/* Begin PBXCopyFilesBuildPhase section */
		D84DC0931EA119E8000DE3DE /* Embed Frameworks */ = {
			isa = PBXCopyFilesBuildPhase;
			buildActionMask = 2147483647;
			dstPath = "";
			dstSubfolderSpec = 10;
			files = (
				D84DC0921EA119E7000DE3DE /* SwiftyJSON.framework in Embed Frameworks */,
				D84DC0901EA119E7000DE3DE /* ReactiveSwift.framework in Embed Frameworks */,
				D84DC0881EA119E7000DE3DE /* Result.framework in Embed Frameworks */,
				D84DC08E1EA119E7000DE3DE /* ReactiveCocoa.framework in Embed Frameworks */,
			);
			name = "Embed Frameworks";
			runOnlyForDeploymentPostprocessing = 0;
		};
/* End PBXCopyFilesBuildPhase section */

/* Begin PBXFileReference section */
		D8389D121EA111DE003E1D45 /* SoundCloudMemoryGame.app */ = {isa = PBXFileReference; explicitFileType = wrapper.application; includeInIndex = 0; path = SoundCloudMemoryGame.app; sourceTree = BUILT_PRODUCTS_DIR; };
		D8389D151EA111DE003E1D45 /* AppDelegate.swift */ = {isa = PBXFileReference; lastKnownFileType = sourcecode.swift; path = AppDelegate.swift; sourceTree = "<group>"; };
		D8389D1A1EA111DE003E1D45 /* Base */ = {isa = PBXFileReference; lastKnownFileType = file.storyboard; name = Base; path = Base.lproj/Main.storyboard; sourceTree = "<group>"; };
		D8389D1C1EA111DE003E1D45 /* Assets.xcassets */ = {isa = PBXFileReference; lastKnownFileType = folder.assetcatalog; path = Assets.xcassets; sourceTree = "<group>"; };
		D8389D1F1EA111DE003E1D45 /* Base */ = {isa = PBXFileReference; lastKnownFileType = file.storyboard; name = Base; path = Base.lproj/LaunchScreen.storyboard; sourceTree = "<group>"; };
		D8389D211EA111DE003E1D45 /* Info.plist */ = {isa = PBXFileReference; lastKnownFileType = text.plist.xml; path = Info.plist; sourceTree = "<group>"; };
		D8389D261EA111DE003E1D45 /* SoundCloudMemoryGameTests.xctest */ = {isa = PBXFileReference; explicitFileType = wrapper.cfbundle; includeInIndex = 0; path = SoundCloudMemoryGameTests.xctest; sourceTree = BUILT_PRODUCTS_DIR; };
		D8389D2A1EA111DE003E1D45 /* SoundCloudMemoryGameTests.swift */ = {isa = PBXFileReference; lastKnownFileType = sourcecode.swift; path = SoundCloudMemoryGameTests.swift; sourceTree = "<group>"; };
		D8389D2C1EA111DE003E1D45 /* Info.plist */ = {isa = PBXFileReference; lastKnownFileType = text.plist.xml; path = Info.plist; sourceTree = "<group>"; };
		D84DC0781EA1182F000DE3DE /* cartfile */ = {isa = PBXFileReference; fileEncoding = 4; lastKnownFileType = text; path = cartfile; sourceTree = SOURCE_ROOT; };
		D84DC07B1EA11997000DE3DE /* Result.framework */ = {isa = PBXFileReference; lastKnownFileType = wrapper.framework; name = Result.framework; path = Carthage/Build/iOS/Result.framework; sourceTree = "<group>"; };
		D84DC07C1EA11997000DE3DE /* Quick.framework */ = {isa = PBXFileReference; lastKnownFileType = wrapper.framework; name = Quick.framework; path = Carthage/Build/iOS/Quick.framework; sourceTree = "<group>"; };
		D84DC07D1EA11997000DE3DE /* Nimble.framework */ = {isa = PBXFileReference; lastKnownFileType = wrapper.framework; name = Nimble.framework; path = Carthage/Build/iOS/Nimble.framework; sourceTree = "<group>"; };
		D84DC07E1EA11997000DE3DE /* ReactiveCocoa.framework */ = {isa = PBXFileReference; lastKnownFileType = wrapper.framework; name = ReactiveCocoa.framework; path = Carthage/Build/iOS/ReactiveCocoa.framework; sourceTree = "<group>"; };
		D84DC07F1EA11997000DE3DE /* ReactiveSwift.framework */ = {isa = PBXFileReference; lastKnownFileType = wrapper.framework; name = ReactiveSwift.framework; path = Carthage/Build/iOS/ReactiveSwift.framework; sourceTree = "<group>"; };
		D84DC0801EA11997000DE3DE /* SwiftyJSON.framework */ = {isa = PBXFileReference; lastKnownFileType = wrapper.framework; name = SwiftyJSON.framework; path = Carthage/Build/iOS/SwiftyJSON.framework; sourceTree = "<group>"; };
/* End PBXFileReference section */

/* Begin PBXFrameworksBuildPhase section */
		D8389D0F1EA111DE003E1D45 /* Frameworks */ = {
			isa = PBXFrameworksBuildPhase;
			buildActionMask = 2147483647;
			files = (
				D84DC0911EA119E7000DE3DE /* SwiftyJSON.framework in Frameworks */,
				D84DC08F1EA119E7000DE3DE /* ReactiveSwift.framework in Frameworks */,
				D84DC0871EA119E7000DE3DE /* Result.framework in Frameworks */,
				D84DC08D1EA119E7000DE3DE /* ReactiveCocoa.framework in Frameworks */,
			);
			runOnlyForDeploymentPostprocessing = 0;
		};
		D8389D231EA111DE003E1D45 /* Frameworks */ = {
			isa = PBXFrameworksBuildPhase;
			buildActionMask = 2147483647;
			files = (
				D84DC0941EA11A2A000DE3DE /* Quick.framework in Frameworks */,
				D84DC0951EA11A2A000DE3DE /* Nimble.framework in Frameworks */,
			);
			runOnlyForDeploymentPostprocessing = 0;
		};
/* End PBXFrameworksBuildPhase section */

/* Begin PBXGroup section */
		D8389D091EA111DE003E1D45 = {
			isa = PBXGroup;
			children = (
				D8389D141EA111DE003E1D45 /* SoundCloudMemoryGame */,
				D8389D291EA111DE003E1D45 /* SoundCloudMemoryGameTests */,
				D8389D131EA111DE003E1D45 /* Products */,
				D84DC0781EA1182F000DE3DE /* cartfile */,
				D84DC07A1EA11997000DE3DE /* Frameworks */,
			);
			sourceTree = "<group>";
		};
		D8389D131EA111DE003E1D45 /* Products */ = {
			isa = PBXGroup;
			children = (
				D8389D121EA111DE003E1D45 /* SoundCloudMemoryGame.app */,
				D8389D261EA111DE003E1D45 /* SoundCloudMemoryGameTests.xctest */,
			);
			name = Products;
			sourceTree = "<group>";
		};
		D8389D141EA111DE003E1D45 /* SoundCloudMemoryGame */ = {
			isa = PBXGroup;
			children = (
				D8389D151EA111DE003E1D45 /* AppDelegate.swift */,
				D8389D191EA111DE003E1D45 /* Main.storyboard */,
				D8389D1C1EA111DE003E1D45 /* Assets.xcassets */,
				D8389D1E1EA111DE003E1D45 /* LaunchScreen.storyboard */,
				D8389D211EA111DE003E1D45 /* Info.plist */,
			);
			path = SoundCloudMemoryGame;
			sourceTree = "<group>";
		};
		D8389D291EA111DE003E1D45 /* SoundCloudMemoryGameTests */ = {
			isa = PBXGroup;
			children = (
				D8389D2A1EA111DE003E1D45 /* SoundCloudMemoryGameTests.swift */,
				D8389D2C1EA111DE003E1D45 /* Info.plist */,
			);
			path = SoundCloudMemoryGameTests;
			sourceTree = "<group>";
		};
		D84DC07A1EA11997000DE3DE /* Frameworks */ = {
			isa = PBXGroup;
			children = (
				D84DC07B1EA11997000DE3DE /* Result.framework */,
				D84DC07C1EA11997000DE3DE /* Quick.framework */,
				D84DC07D1EA11997000DE3DE /* Nimble.framework */,
				D84DC07E1EA11997000DE3DE /* ReactiveCocoa.framework */,
				D84DC07F1EA11997000DE3DE /* ReactiveSwift.framework */,
				D84DC0801EA11997000DE3DE /* SwiftyJSON.framework */,
			);
			name = Frameworks;
			sourceTree = "<group>";
		};
/* End PBXGroup section */

/* Begin PBXNativeTarget section */
		D8389D111EA111DE003E1D45 /* SoundCloudMemoryGame */ = {
			isa = PBXNativeTarget;
			buildConfigurationList = D8389D2F1EA111DE003E1D45 /* Build configuration list for PBXNativeTarget "SoundCloudMemoryGame" */;
			buildPhases = (
				D8389D0E1EA111DE003E1D45 /* Sources */,
				D8389D0F1EA111DE003E1D45 /* Frameworks */,
				D8389D101EA111DE003E1D45 /* Resources */,
				D84DC0931EA119E8000DE3DE /* Embed Frameworks */,
			);
			buildRules = (
			);
			dependencies = (
			);
			name = SoundCloudMemoryGame;
			productName = SoundCloudMemoryGame;
			productReference = D8389D121EA111DE003E1D45 /* SoundCloudMemoryGame.app */;
			productType = "com.apple.product-type.application";
		};
		D8389D251EA111DE003E1D45 /* SoundCloudMemoryGameTests */ = {
			isa = PBXNativeTarget;
			buildConfigurationList = D8389D321EA111DE003E1D45 /* Build configuration list for PBXNativeTarget "SoundCloudMemoryGameTests" */;
			buildPhases = (
				D8389D221EA111DE003E1D45 /* Sources */,
				D8389D231EA111DE003E1D45 /* Frameworks */,
				D8389D241EA111DE003E1D45 /* Resources */,
			);
			buildRules = (
			);
			dependencies = (
				D8389D281EA111DE003E1D45 /* PBXTargetDependency */,
			);
			name = SoundCloudMemoryGameTests;
			productName = SoundCloudMemoryGameTests;
			productReference = D8389D261EA111DE003E1D45 /* SoundCloudMemoryGameTests.xctest */;
			productType = "com.apple.product-type.bundle.unit-test";
		};
/* End PBXNativeTarget section */

/* Begin PBXProject section */
		D8389D0A1EA111DE003E1D45 /* Project object */ = {
			isa = PBXProject;
			attributes = {
				LastSwiftUpdateCheck = 0830;
				LastUpgradeCheck = 0830;
				ORGANIZATIONNAME = VojtaStavik;
				TargetAttributes = {
					D8389D111EA111DE003E1D45 = {
						CreatedOnToolsVersion = 8.3.1;
						DevelopmentTeam = X53G3KMVA6;
						ProvisioningStyle = Automatic;
					};
					D8389D251EA111DE003E1D45 = {
						CreatedOnToolsVersion = 8.3.1;
						DevelopmentTeam = X53G3KMVA6;
						ProvisioningStyle = Automatic;
						TestTargetID = D8389D111EA111DE003E1D45;
					};
				};
			};
			buildConfigurationList = D8389D0D1EA111DE003E1D45 /* Build configuration list for PBXProject "SoundCloudMemoryGame" */;
			compatibilityVersion = "Xcode 3.2";
			developmentRegion = English;
			hasScannedForEncodings = 0;
			knownRegions = (
				en,
				Base,
			);
			mainGroup = D8389D091EA111DE003E1D45;
			productRefGroup = D8389D131EA111DE003E1D45 /* Products */;
			projectDirPath = "";
			projectRoot = "";
			targets = (
				D8389D111EA111DE003E1D45 /* SoundCloudMemoryGame */,
				D8389D251EA111DE003E1D45 /* SoundCloudMemoryGameTests */,
			);
		};
/* End PBXProject section */

/* Begin PBXResourcesBuildPhase section */
		D8389D101EA111DE003E1D45 /* Resources */ = {
			isa = PBXResourcesBuildPhase;
			buildActionMask = 2147483647;
			files = (
				D8389D201EA111DE003E1D45 /* LaunchScreen.storyboard in Resources */,
				D8389D1D1EA111DE003E1D45 /* Assets.xcassets in Resources */,
				D84DC0791EA1182F000DE3DE /* cartfile in Resources */,
				D8389D1B1EA111DE003E1D45 /* Main.storyboard in Resources */,
			);
			runOnlyForDeploymentPostprocessing = 0;
		};
		D8389D241EA111DE003E1D45 /* Resources */ = {
			isa = PBXResourcesBuildPhase;
			buildActionMask = 2147483647;
			files = (
			);
			runOnlyForDeploymentPostprocessing = 0;
		};
/* End PBXResourcesBuildPhase section */

/* Begin PBXSourcesBuildPhase section */
		D8389D0E1EA111DE003E1D45 /* Sources */ = {
			isa = PBXSourcesBuildPhase;
			buildActionMask = 2147483647;
			files = (
				D8389D161EA111DE003E1D45 /* AppDelegate.swift in Sources */,
			);
			runOnlyForDeploymentPostprocessing = 0;
		};
		D8389D221EA111DE003E1D45 /* Sources */ = {
			isa = PBXSourcesBuildPhase;
			buildActionMask = 2147483647;
			files = (
				D8389D2B1EA111DE003E1D45 /* SoundCloudMemoryGameTests.swift in Sources */,
			);
			runOnlyForDeploymentPostprocessing = 0;
		};
/* End PBXSourcesBuildPhase section */

/* Begin PBXTargetDependency section */
		D8389D281EA111DE003E1D45 /* PBXTargetDependency */ = {
			isa = PBXTargetDependency;
			target = D8389D111EA111DE003E1D45 /* SoundCloudMemoryGame */;
			targetProxy = D8389D271EA111DE003E1D45 /* PBXContainerItemProxy */;
		};
/* End PBXTargetDependency section */

/* Begin PBXVariantGroup section */
		D8389D191EA111DE003E1D45 /* Main.storyboard */ = {
			isa = PBXVariantGroup;
			children = (
				D8389D1A1EA111DE003E1D45 /* Base */,
			);
			name = Main.storyboard;
			sourceTree = "<group>";
		};
		D8389D1E1EA111DE003E1D45 /* LaunchScreen.storyboard */ = {
			isa = PBXVariantGroup;
			children = (
				D8389D1F1EA111DE003E1D45 /* Base */,
			);
			name = LaunchScreen.storyboard;
			sourceTree = "<group>";
		};
/* End PBXVariantGroup section */

/* Begin XCBuildConfiguration section */
		D8389D2D1EA111DE003E1D45 /* Debug */ = {
			isa = XCBuildConfiguration;
			buildSettings = {
				ALWAYS_SEARCH_USER_PATHS = NO;
				CLANG_ANALYZER_NONNULL = YES;
				CLANG_ANALYZER_NUMBER_OBJECT_CONVERSION = YES_AGGRESSIVE;
				CLANG_CXX_LANGUAGE_STANDARD = "gnu++0x";
				CLANG_CXX_LIBRARY = "libc++";
				CLANG_ENABLE_MODULES = YES;
				CLANG_ENABLE_OBJC_ARC = YES;
				CLANG_WARN_BOOL_CONVERSION = YES;
				CLANG_WARN_CONSTANT_CONVERSION = YES;
				CLANG_WARN_DIRECT_OBJC_ISA_USAGE = YES_ERROR;
				CLANG_WARN_DOCUMENTATION_COMMENTS = YES;
				CLANG_WARN_EMPTY_BODY = YES;
				CLANG_WARN_ENUM_CONVERSION = YES;
				CLANG_WARN_INFINITE_RECURSION = YES;
				CLANG_WARN_INT_CONVERSION = YES;
				CLANG_WARN_OBJC_ROOT_CLASS = YES_ERROR;
				CLANG_WARN_SUSPICIOUS_MOVE = YES;
				CLANG_WARN_UNREACHABLE_CODE = YES;
				CLANG_WARN__DUPLICATE_METHOD_MATCH = YES;
				"CODE_SIGN_IDENTITY[sdk=iphoneos*]" = "iPhone Developer";
				COPY_PHASE_STRIP = NO;
				DEBUG_INFORMATION_FORMAT = dwarf;
				ENABLE_STRICT_OBJC_MSGSEND = YES;
				ENABLE_TESTABILITY = YES;
				GCC_C_LANGUAGE_STANDARD = gnu99;
				GCC_DYNAMIC_NO_PIC = NO;
				GCC_NO_COMMON_BLOCKS = YES;
				GCC_OPTIMIZATION_LEVEL = 0;
				GCC_PREPROCESSOR_DEFINITIONS = (
					"DEBUG=1",
					"$(inherited)",
				);
				GCC_WARN_64_TO_32_BIT_CONVERSION = YES;
				GCC_WARN_ABOUT_RETURN_TYPE = YES_ERROR;
				GCC_WARN_UNDECLARED_SELECTOR = YES;
				GCC_WARN_UNINITIALIZED_AUTOS = YES_AGGRESSIVE;
				GCC_WARN_UNUSED_FUNCTION = YES;
				GCC_WARN_UNUSED_VARIABLE = YES;
				IPHONEOS_DEPLOYMENT_TARGET = 10.3;
				MTL_ENABLE_DEBUG_INFO = YES;
				ONLY_ACTIVE_ARCH = YES;
				SDKROOT = iphoneos;
				SWIFT_ACTIVE_COMPILATION_CONDITIONS = DEBUG;
				SWIFT_OPTIMIZATION_LEVEL = "-Onone";
				TARGETED_DEVICE_FAMILY = "1,2";
			};
			name = Debug;
		};
		D8389D2E1EA111DE003E1D45 /* Release */ = {
			isa = XCBuildConfiguration;
			buildSettings = {
				ALWAYS_SEARCH_USER_PATHS = NO;
				CLANG_ANALYZER_NONNULL = YES;
				CLANG_ANALYZER_NUMBER_OBJECT_CONVERSION = YES_AGGRESSIVE;
				CLANG_CXX_LANGUAGE_STANDARD = "gnu++0x";
				CLANG_CXX_LIBRARY = "libc++";
				CLANG_ENABLE_MODULES = YES;
				CLANG_ENABLE_OBJC_ARC = YES;
				CLANG_WARN_BOOL_CONVERSION = YES;
				CLANG_WARN_CONSTANT_CONVERSION = YES;
				CLANG_WARN_DIRECT_OBJC_ISA_USAGE = YES_ERROR;
				CLANG_WARN_DOCUMENTATION_COMMENTS = YES;
				CLANG_WARN_EMPTY_BODY = YES;
				CLANG_WARN_ENUM_CONVERSION = YES;
				CLANG_WARN_INFINITE_RECURSION = YES;
				CLANG_WARN_INT_CONVERSION = YES;
				CLANG_WARN_OBJC_ROOT_CLASS = YES_ERROR;
				CLANG_WARN_SUSPICIOUS_MOVE = YES;
				CLANG_WARN_UNREACHABLE_CODE = YES;
				CLANG_WARN__DUPLICATE_METHOD_MATCH = YES;
				"CODE_SIGN_IDENTITY[sdk=iphoneos*]" = "iPhone Developer";
				COPY_PHASE_STRIP = NO;
				DEBUG_INFORMATION_FORMAT = "dwarf-with-dsym";
				ENABLE_NS_ASSERTIONS = NO;
				ENABLE_STRICT_OBJC_MSGSEND = YES;
				GCC_C_LANGUAGE_STANDARD = gnu99;
				GCC_NO_COMMON_BLOCKS = YES;
				GCC_WARN_64_TO_32_BIT_CONVERSION = YES;
				GCC_WARN_ABOUT_RETURN_TYPE = YES_ERROR;
				GCC_WARN_UNDECLARED_SELECTOR = YES;
				GCC_WARN_UNINITIALIZED_AUTOS = YES_AGGRESSIVE;
				GCC_WARN_UNUSED_FUNCTION = YES;
				GCC_WARN_UNUSED_VARIABLE = YES;
				IPHONEOS_DEPLOYMENT_TARGET = 10.3;
				MTL_ENABLE_DEBUG_INFO = NO;
				SDKROOT = iphoneos;
				SWIFT_OPTIMIZATION_LEVEL = "-Owholemodule";
				TARGETED_DEVICE_FAMILY = "1,2";
				VALIDATE_PRODUCT = YES;
			};
			name = Release;
		};
		D8389D301EA111DE003E1D45 /* Debug */ = {
			isa = XCBuildConfiguration;
			buildSettings = {
				ASSETCATALOG_COMPILER_APPICON_NAME = AppIcon;
				DEVELOPMENT_TEAM = X53G3KMVA6;
				FRAMEWORK_SEARCH_PATHS = (
					"$(inherited)",
					"$(PROJECT_DIR)/Carthage/Build/iOS",
				);
				INFOPLIST_FILE = SoundCloudMemoryGame/Info.plist;
				IPHONEOS_DEPLOYMENT_TARGET = 10.0;
				LD_RUNPATH_SEARCH_PATHS = "$(inherited) @executable_path/Frameworks";
				PRODUCT_BUNDLE_IDENTIFIER = com.VojtaStavik.SoundCloudMemoryGame;
				PRODUCT_NAME = "$(TARGET_NAME)";
				SWIFT_VERSION = 3.0;
			};
			name = Debug;
		};
		D8389D311EA111DE003E1D45 /* Release */ = {
			isa = XCBuildConfiguration;
			buildSettings = {
				ASSETCATALOG_COMPILER_APPICON_NAME = AppIcon;
				DEVELOPMENT_TEAM = X53G3KMVA6;
				FRAMEWORK_SEARCH_PATHS = (
					"$(inherited)",
					"$(PROJECT_DIR)/Carthage/Build/iOS",
				);
				INFOPLIST_FILE = SoundCloudMemoryGame/Info.plist;
				IPHONEOS_DEPLOYMENT_TARGET = 10.0;
				LD_RUNPATH_SEARCH_PATHS = "$(inherited) @executable_path/Frameworks";
				PRODUCT_BUNDLE_IDENTIFIER = com.VojtaStavik.SoundCloudMemoryGame;
				PRODUCT_NAME = "$(TARGET_NAME)";
				SWIFT_VERSION = 3.0;
			};
			name = Release;
		};
		D8389D331EA111DE003E1D45 /* Debug */ = {
			isa = XCBuildConfiguration;
			buildSettings = {
				ALWAYS_EMBED_SWIFT_STANDARD_LIBRARIES = YES;
				BUNDLE_LOADER = "$(TEST_HOST)";
				DEVELOPMENT_TEAM = X53G3KMVA6;
				FRAMEWORK_SEARCH_PATHS = (
					"$(inherited)",
					"$(PROJECT_DIR)/Carthage/Build/iOS",
				);
				INFOPLIST_FILE = SoundCloudMemoryGameTests/Info.plist;
				LD_RUNPATH_SEARCH_PATHS = "$(inherited) @executable_path/Frameworks @loader_path/Frameworks";
				PRODUCT_BUNDLE_IDENTIFIER = com.VojtaStavik.SoundCloudMemoryGameTests;
				PRODUCT_NAME = "$(TARGET_NAME)";
				SWIFT_VERSION = 3.0;
				TEST_HOST = "$(BUILT_PRODUCTS_DIR)/SoundCloudMemoryGame.app/SoundCloudMemoryGame";
			};
			name = Debug;
		};
		D8389D341EA111DE003E1D45 /* Release */ = {
			isa = XCBuildConfiguration;
			buildSettings = {
				ALWAYS_EMBED_SWIFT_STANDARD_LIBRARIES = YES;
				BUNDLE_LOADER = "$(TEST_HOST)";
				DEVELOPMENT_TEAM = X53G3KMVA6;
				FRAMEWORK_SEARCH_PATHS = (
					"$(inherited)",
					"$(PROJECT_DIR)/Carthage/Build/iOS",
				);
				INFOPLIST_FILE = SoundCloudMemoryGameTests/Info.plist;
				LD_RUNPATH_SEARCH_PATHS = "$(inherited) @executable_path/Frameworks @loader_path/Frameworks";
				PRODUCT_BUNDLE_IDENTIFIER = com.VojtaStavik.SoundCloudMemoryGameTests;
				PRODUCT_NAME = "$(TARGET_NAME)";
				SWIFT_VERSION = 3.0;
				TEST_HOST = "$(BUILT_PRODUCTS_DIR)/SoundCloudMemoryGame.app/SoundCloudMemoryGame";
			};
			name = Release;
		};
/* End XCBuildConfiguration section */

/* Begin XCConfigurationList section */
		D8389D0D1EA111DE003E1D45 /* Build configuration list for PBXProject "SoundCloudMemoryGame" */ = {
			isa = XCConfigurationList;
			buildConfigurations = (
				D8389D2D1EA111DE003E1D45 /* Debug */,
				D8389D2E1EA111DE003E1D45 /* Release */,
			);
			defaultConfigurationIsVisible = 0;
			defaultConfigurationName = Release;
		};
		D8389D2F1EA111DE003E1D45 /* Build configuration list for PBXNativeTarget "SoundCloudMemoryGame" */ = {
			isa = XCConfigurationList;
			buildConfigurations = (
				D8389D301EA111DE003E1D45 /* Debug */,
				D8389D311EA111DE003E1D45 /* Release */,
			);
			defaultConfigurationIsVisible = 0;
			defaultConfigurationName = Release;
		};
		D8389D321EA111DE003E1D45 /* Build configuration list for PBXNativeTarget "SoundCloudMemoryGameTests" */ = {
			isa = XCConfigurationList;
			buildConfigurations = (
				D8389D331EA111DE003E1D45 /* Debug */,
				D8389D341EA111DE003E1D45 /* Release */,
			);
			defaultConfigurationIsVisible = 0;
			defaultConfigurationName = Release;
		};
/* End XCConfigurationList section */
	};
	rootObject = D8389D0A1EA111DE003E1D45 /* Project object */;
}
