// !$*UTF8*$!
{
	archiveVersion = 1;
	classes = {
	};
	objectVersion = 46;
	objects = {

/* Begin PBXBuildFile section */
		D84DC0871EA119E7000DE3DE /* Result.framework in Frameworks */ = {isa = PBXBuildFile; fileRef = D84DC07B1EA11997000DE3DE /* Result.framework */; };
		D84DC0881EA119E7000DE3DE /* Result.framework in Embed Frameworks */ = {isa = PBXBuildFile; fileRef = D84DC07B1EA11997000DE3DE /* Result.framework */; settings = {ATTRIBUTES = (CodeSignOnCopy, RemoveHeadersOnCopy, ); }; };
		D84DC08D1EA119E7000DE3DE /* ReactiveCocoa.framework in Frameworks */ = {isa = PBXBuildFile; fileRef = D84DC07E1EA11997000DE3DE /* ReactiveCocoa.framework */; };
		D84DC08E1EA119E7000DE3DE /* ReactiveCocoa.framework in Embed Frameworks */ = {isa = PBXBuildFile; fileRef = D84DC07E1EA11997000DE3DE /* ReactiveCocoa.framework */; settings = {ATTRIBUTES = (CodeSignOnCopy, RemoveHeadersOnCopy, ); }; };
		D84DC08F1EA119E7000DE3DE /* ReactiveSwift.framework in Frameworks */ = {isa = PBXBuildFile; fileRef = D84DC07F1EA11997000DE3DE /* ReactiveSwift.framework */; };
		D84DC0901EA119E7000DE3DE /* ReactiveSwift.framework in Embed Frameworks */ = {isa = PBXBuildFile; fileRef = D84DC07F1EA11997000DE3DE /* ReactiveSwift.framework */; settings = {ATTRIBUTES = (CodeSignOnCopy, RemoveHeadersOnCopy, ); }; };
		D84DC0911EA119E7000DE3DE /* SwiftyJSON.framework in Frameworks */ = {isa = PBXBuildFile; fileRef = D84DC0801EA11997000DE3DE /* SwiftyJSON.framework */; };
		D84DC0921EA119E7000DE3DE /* SwiftyJSON.framework in Embed Frameworks */ = {isa = PBXBuildFile; fileRef = D84DC0801EA11997000DE3DE /* SwiftyJSON.framework */; settings = {ATTRIBUTES = (CodeSignOnCopy, RemoveHeadersOnCopy, ); }; };
		D84DC0941EA11A2A000DE3DE /* Quick.framework in Frameworks */ = {isa = PBXBuildFile; fileRef = D84DC07C1EA11997000DE3DE /* Quick.framework */; };
		D84DC0951EA11A2A000DE3DE /* Nimble.framework in Frameworks */ = {isa = PBXBuildFile; fileRef = D84DC07D1EA11997000DE3DE /* Nimble.framework */; };
		D84DC09C1EA12244000DE3DE /* Quick.framework in CopyFiles */ = {isa = PBXBuildFile; fileRef = D84DC07C1EA11997000DE3DE /* Quick.framework */; settings = {ATTRIBUTES = (CodeSignOnCopy, RemoveHeadersOnCopy, ); }; };
		D84DC09D1EA12244000DE3DE /* Nimble.framework in CopyFiles */ = {isa = PBXBuildFile; fileRef = D84DC07D1EA11997000DE3DE /* Nimble.framework */; settings = {ATTRIBUTES = (CodeSignOnCopy, RemoveHeadersOnCopy, ); }; };
		D84DC0A11EA1304F000DE3DE /* ReactiveCocoa.framework in Frameworks */ = {isa = PBXBuildFile; fileRef = D84DC07E1EA11997000DE3DE /* ReactiveCocoa.framework */; };
		D84DC0A21EA1304F000DE3DE /* ReactiveSwift.framework in Frameworks */ = {isa = PBXBuildFile; fileRef = D84DC07F1EA11997000DE3DE /* ReactiveSwift.framework */; };
		D84DC0A31EA13058000DE3DE /* ReactiveCocoa.framework in CopyFiles */ = {isa = PBXBuildFile; fileRef = D84DC07E1EA11997000DE3DE /* ReactiveCocoa.framework */; settings = {ATTRIBUTES = (CodeSignOnCopy, RemoveHeadersOnCopy, ); }; };
		D84DC0A41EA13058000DE3DE /* ReactiveSwift.framework in CopyFiles */ = {isa = PBXBuildFile; fileRef = D84DC07F1EA11997000DE3DE /* ReactiveSwift.framework */; settings = {ATTRIBUTES = (CodeSignOnCopy, RemoveHeadersOnCopy, ); }; };
		D84DC0A51EA13058000DE3DE /* SwiftyJSON.framework in CopyFiles */ = {isa = PBXBuildFile; fileRef = D84DC0801EA11997000DE3DE /* SwiftyJSON.framework */; settings = {ATTRIBUTES = (CodeSignOnCopy, RemoveHeadersOnCopy, ); }; };
		D84DC0AF1EA15020000DE3DE /* apiMockResponse.json in Resources */ = {isa = PBXBuildFile; fileRef = D84DC0AE1EA15020000DE3DE /* apiMockResponse.json */; };
		D84DC0C01EA160E3000DE3DE /* APITests.swift in Sources */ = {isa = PBXBuildFile; fileRef = D84DC0B31EA160E3000DE3DE /* APITests.swift */; };
		D84DC0C31EA160E3000DE3DE /* LaunchScreen.storyboard in Resources */ = {isa = PBXBuildFile; fileRef = D84DC0B61EA160E3000DE3DE /* LaunchScreen.storyboard */; };
		D84DC0C71EA160E3000DE3DE /* GatewayMocks.swift in Sources */ = {isa = PBXBuildFile; fileRef = D84DC0BC1EA160E3000DE3DE /* GatewayMocks.swift */; };
		D84DC0C81EA160E3000DE3DE /* GatewayTests.swift in Sources */ = {isa = PBXBuildFile; fileRef = D84DC0BD1EA160E3000DE3DE /* GatewayTests.swift */; };
		D84DC0D01EA1615C000DE3DE /* ImageStore.swift in Sources */ = {isa = PBXBuildFile; fileRef = D84DC0CF1EA1615C000DE3DE /* ImageStore.swift */; };
		D84DC0D11EA1624E000DE3DE /* API.swift in Sources */ = {isa = PBXBuildFile; fileRef = D84DC0B21EA160E3000DE3DE /* API.swift */; };
		D84DC0D41EA16278000DE3DE /* Errors.swift in Sources */ = {isa = PBXBuildFile; fileRef = D84DC0BA1EA160E3000DE3DE /* Errors.swift */; };
		D84DC0D51EA16278000DE3DE /* Gateway.swift in Sources */ = {isa = PBXBuildFile; fileRef = D84DC0BB1EA160E3000DE3DE /* Gateway.swift */; };
		D84DC0D61EA162EF000DE3DE /* AppDelegate.swift in Sources */ = {isa = PBXBuildFile; fileRef = D84DC0B41EA160E3000DE3DE /* AppDelegate.swift */; };
		D84DC0D71EA1630F000DE3DE /* Assets.xcassets in Resources */ = {isa = PBXBuildFile; fileRef = D84DC0B51EA160E3000DE3DE /* Assets.xcassets */; };
		D84DC0D81EA16316000DE3DE /* Main.storyboard in Resources */ = {isa = PBXBuildFile; fileRef = D84DC0B81EA160E3000DE3DE /* Main.storyboard */; };
		D84DC0DC1EA16D51000DE3DE /* paul.jpg in Resources */ = {isa = PBXBuildFile; fileRef = D84DC0DA1EA16D51000DE3DE /* paul.jpg */; };
		D84DC0DD1EA16D51000DE3DE /* ringo.jpg in Resources */ = {isa = PBXBuildFile; fileRef = D84DC0DB1EA16D51000DE3DE /* ringo.jpg */; };
		D84DC0DF1EA17D04000DE3DE /* GameSetupVC.swift in Sources */ = {isa = PBXBuildFile; fileRef = D84DC0DE1EA17D04000DE3DE /* GameSetupVC.swift */; };
		D84DC0E31EA21F90000DE3DE /* GameSetupVM.swift in Sources */ = {isa = PBXBuildFile; fileRef = D84DC0E21EA21F90000DE3DE /* GameSetupVM.swift */; };
		D84DC0E51EA220F8000DE3DE /* GameSetupVMTests.swift in Sources */ = {isa = PBXBuildFile; fileRef = D84DC0E41EA220F8000DE3DE /* GameSetupVMTests.swift */; };
		D84DC0E71EA22AD3000DE3DE /* APIMocks.swift in Sources */ = {isa = PBXBuildFile; fileRef = D84DC0E61EA22AD3000DE3DE /* APIMocks.swift */; };
		D84DC0EB1EA23D96000DE3DE /* GameSetupVMMock.swift in Sources */ = {isa = PBXBuildFile; fileRef = D84DC0EA1EA23D96000DE3DE /* GameSetupVMMock.swift */; };
		D84DC0ED1EA23E51000DE3DE /* GameSetupVCTests.swift in Sources */ = {isa = PBXBuildFile; fileRef = D84DC0EC1EA23E51000DE3DE /* GameSetupVCTests.swift */; };
		D84DC0EF1EA245E0000DE3DE /* GameSettings.swift in Sources */ = {isa = PBXBuildFile; fileRef = D84DC0EE1EA245E0000DE3DE /* GameSettings.swift */; };
		D84DC0F21EA24968000DE3DE /* GameSettingsTests.swift in Sources */ = {isa = PBXBuildFile; fileRef = D84DC0F11EA24968000DE3DE /* GameSettingsTests.swift */; };
		D84DC0F41EA253D7000DE3DE /* ChooseCountButton.swift in Sources */ = {isa = PBXBuildFile; fileRef = D84DC0F31EA253D7000DE3DE /* ChooseCountButton.swift */; };
		D84DC0F71EA25441000DE3DE /* Colors.swift in Sources */ = {isa = PBXBuildFile; fileRef = D84DC0F61EA25441000DE3DE /* Colors.swift */; };
		D84DC0FB1EA258C4000DE3DE /* main.swift in Sources */ = {isa = PBXBuildFile; fileRef = D84DC0FA1EA258C4000DE3DE /* main.swift */; };
		D84DC0FD1EA25D2D000DE3DE /* Alerts.swift in Sources */ = {isa = PBXBuildFile; fileRef = D84DC0FC1EA25D2D000DE3DE /* Alerts.swift */; };
		D84DC1001EA25F85000DE3DE /* MainAppFlow.swift in Sources */ = {isa = PBXBuildFile; fileRef = D84DC0FF1EA25F85000DE3DE /* MainAppFlow.swift */; };
		D84DC1031EA26C8C000DE3DE /* GameVC.swift in Sources */ = {isa = PBXBuildFile; fileRef = D84DC1021EA26C8C000DE3DE /* GameVC.swift */; };
		D84DC1061EA26F94000DE3DE /* GameVM.swift in Sources */ = {isa = PBXBuildFile; fileRef = D84DC1051EA26F94000DE3DE /* GameVM.swift */; };
		D84DC1091EA27049000DE3DE /* Card.swift in Sources */ = {isa = PBXBuildFile; fileRef = D84DC1081EA27049000DE3DE /* Card.swift */; };
		D84DC10B1EA27167000DE3DE /* GameVMTests.swift in Sources */ = {isa = PBXBuildFile; fileRef = D84DC10A1EA27167000DE3DE /* GameVMTests.swift */; };
		D84DC10E1EA273F6000DE3DE /* CollectionShuffle.swift in Sources */ = {isa = PBXBuildFile; fileRef = D84DC10D1EA273F6000DE3DE /* CollectionShuffle.swift */; };
		D84DC1111EA27C13000DE3DE /* CardTests.swift in Sources */ = {isa = PBXBuildFile; fileRef = D84DC1101EA27C13000DE3DE /* CardTests.swift */; };
		D84DC1141EA297AC000DE3DE /* CardView.swift in Sources */ = {isa = PBXBuildFile; fileRef = D84DC1131EA297AC000DE3DE /* CardView.swift */; };
		D84DC1161EA2A0B0000DE3DE /* PinToSuperview.swift in Sources */ = {isa = PBXBuildFile; fileRef = D84DC1151EA2A0B0000DE3DE /* PinToSuperview.swift */; };
/* End PBXBuildFile section */

/* Begin PBXContainerItemProxy section */
		D8389D271EA111DE003E1D45 /* PBXContainerItemProxy */ = {
			isa = PBXContainerItemProxy;
			containerPortal = D8389D0A1EA111DE003E1D45 /* Project object */;
			proxyType = 1;
			remoteGlobalIDString = D8389D111EA111DE003E1D45;
			remoteInfo = SoundCloudMemoryGame;
		};
/* End PBXContainerItemProxy section */

/* Begin PBXCopyFilesBuildPhase section */
		D84DC0931EA119E8000DE3DE /* Embed Frameworks */ = {
			isa = PBXCopyFilesBuildPhase;
			buildActionMask = 2147483647;
			dstPath = "";
			dstSubfolderSpec = 10;
			files = (
				D84DC0921EA119E7000DE3DE /* SwiftyJSON.framework in Embed Frameworks */,
				D84DC0901EA119E7000DE3DE /* ReactiveSwift.framework in Embed Frameworks */,
				D84DC0881EA119E7000DE3DE /* Result.framework in Embed Frameworks */,
				D84DC08E1EA119E7000DE3DE /* ReactiveCocoa.framework in Embed Frameworks */,
			);
			name = "Embed Frameworks";
			runOnlyForDeploymentPostprocessing = 0;
		};
		D84DC09B1EA1223A000DE3DE /* CopyFiles */ = {
			isa = PBXCopyFilesBuildPhase;
			buildActionMask = 2147483647;
			dstPath = "";
			dstSubfolderSpec = 10;
			files = (
				D84DC0A31EA13058000DE3DE /* ReactiveCocoa.framework in CopyFiles */,
				D84DC0A41EA13058000DE3DE /* ReactiveSwift.framework in CopyFiles */,
				D84DC0A51EA13058000DE3DE /* SwiftyJSON.framework in CopyFiles */,
				D84DC09C1EA12244000DE3DE /* Quick.framework in CopyFiles */,
				D84DC09D1EA12244000DE3DE /* Nimble.framework in CopyFiles */,
			);
			runOnlyForDeploymentPostprocessing = 0;
		};
/* End PBXCopyFilesBuildPhase section */

/* Begin PBXFileReference section */
		D8389D121EA111DE003E1D45 /* SoundCloudMemoryGame.app */ = {isa = PBXFileReference; explicitFileType = wrapper.application; includeInIndex = 0; path = SoundCloudMemoryGame.app; sourceTree = BUILT_PRODUCTS_DIR; };
		D8389D261EA111DE003E1D45 /* SoundCloudMemoryGameTests.xctest */ = {isa = PBXFileReference; explicitFileType = wrapper.cfbundle; includeInIndex = 0; path = SoundCloudMemoryGameTests.xctest; sourceTree = BUILT_PRODUCTS_DIR; };
		D8389D2C1EA111DE003E1D45 /* Info.plist */ = {isa = PBXFileReference; lastKnownFileType = text.plist.xml; path = Info.plist; sourceTree = "<group>"; };
		D84DC0781EA1182F000DE3DE /* cartfile */ = {isa = PBXFileReference; fileEncoding = 4; lastKnownFileType = text; path = cartfile; sourceTree = SOURCE_ROOT; };
		D84DC07B1EA11997000DE3DE /* Result.framework */ = {isa = PBXFileReference; lastKnownFileType = wrapper.framework; name = Result.framework; path = Carthage/Build/iOS/Result.framework; sourceTree = "<group>"; };
		D84DC07C1EA11997000DE3DE /* Quick.framework */ = {isa = PBXFileReference; lastKnownFileType = wrapper.framework; name = Quick.framework; path = Carthage/Build/iOS/Quick.framework; sourceTree = "<group>"; };
		D84DC07D1EA11997000DE3DE /* Nimble.framework */ = {isa = PBXFileReference; lastKnownFileType = wrapper.framework; name = Nimble.framework; path = Carthage/Build/iOS/Nimble.framework; sourceTree = "<group>"; };
		D84DC07E1EA11997000DE3DE /* ReactiveCocoa.framework */ = {isa = PBXFileReference; lastKnownFileType = wrapper.framework; name = ReactiveCocoa.framework; path = Carthage/Build/iOS/ReactiveCocoa.framework; sourceTree = "<group>"; };
		D84DC07F1EA11997000DE3DE /* ReactiveSwift.framework */ = {isa = PBXFileReference; lastKnownFileType = wrapper.framework; name = ReactiveSwift.framework; path = Carthage/Build/iOS/ReactiveSwift.framework; sourceTree = "<group>"; };
		D84DC0801EA11997000DE3DE /* SwiftyJSON.framework */ = {isa = PBXFileReference; lastKnownFileType = wrapper.framework; name = SwiftyJSON.framework; path = Carthage/Build/iOS/SwiftyJSON.framework; sourceTree = "<group>"; };
		D84DC0AE1EA15020000DE3DE /* apiMockResponse.json */ = {isa = PBXFileReference; fileEncoding = 4; lastKnownFileType = text.json; path = apiMockResponse.json; sourceTree = "<group>"; };
		D84DC0B21EA160E3000DE3DE /* API.swift */ = {isa = PBXFileReference; fileEncoding = 4; lastKnownFileType = sourcecode.swift; path = API.swift; sourceTree = "<group>"; };
		D84DC0B31EA160E3000DE3DE /* APITests.swift */ = {isa = PBXFileReference; fileEncoding = 4; lastKnownFileType = sourcecode.swift; path = APITests.swift; sourceTree = "<group>"; };
		D84DC0B41EA160E3000DE3DE /* AppDelegate.swift */ = {isa = PBXFileReference; fileEncoding = 4; lastKnownFileType = sourcecode.swift; path = AppDelegate.swift; sourceTree = "<group>"; };
		D84DC0B51EA160E3000DE3DE /* Assets.xcassets */ = {isa = PBXFileReference; lastKnownFileType = folder.assetcatalog; path = Assets.xcassets; sourceTree = "<group>"; };
		D84DC0B71EA160E3000DE3DE /* Base */ = {isa = PBXFileReference; lastKnownFileType = file.storyboard; name = Base; path = Base.lproj/LaunchScreen.storyboard; sourceTree = "<group>"; };
		D84DC0B91EA160E3000DE3DE /* Base */ = {isa = PBXFileReference; lastKnownFileType = file.storyboard; name = Base; path = Base.lproj/Main.storyboard; sourceTree = "<group>"; };
		D84DC0BA1EA160E3000DE3DE /* Errors.swift */ = {isa = PBXFileReference; fileEncoding = 4; lastKnownFileType = sourcecode.swift; path = Errors.swift; sourceTree = "<group>"; };
		D84DC0BB1EA160E3000DE3DE /* Gateway.swift */ = {isa = PBXFileReference; fileEncoding = 4; lastKnownFileType = sourcecode.swift; path = Gateway.swift; sourceTree = "<group>"; };
		D84DC0BC1EA160E3000DE3DE /* GatewayMocks.swift */ = {isa = PBXFileReference; fileEncoding = 4; lastKnownFileType = sourcecode.swift; path = GatewayMocks.swift; sourceTree = "<group>"; };
		D84DC0BD1EA160E3000DE3DE /* GatewayTests.swift */ = {isa = PBXFileReference; fileEncoding = 4; lastKnownFileType = sourcecode.swift; path = GatewayTests.swift; sourceTree = "<group>"; };
		D84DC0BE1EA160E3000DE3DE /* Info.plist */ = {isa = PBXFileReference; fileEncoding = 4; lastKnownFileType = text.plist.xml; path = Info.plist; sourceTree = "<group>"; };
		D84DC0CF1EA1615C000DE3DE /* ImageStore.swift */ = {isa = PBXFileReference; fileEncoding = 4; lastKnownFileType = sourcecode.swift; path = ImageStore.swift; sourceTree = "<group>"; };
		D84DC0DA1EA16D51000DE3DE /* paul.jpg */ = {isa = PBXFileReference; lastKnownFileType = image.jpeg; path = paul.jpg; sourceTree = "<group>"; };
		D84DC0DB1EA16D51000DE3DE /* ringo.jpg */ = {isa = PBXFileReference; lastKnownFileType = image.jpeg; path = ringo.jpg; sourceTree = "<group>"; };
		D84DC0DE1EA17D04000DE3DE /* GameSetupVC.swift */ = {isa = PBXFileReference; fileEncoding = 4; lastKnownFileType = sourcecode.swift; path = GameSetupVC.swift; sourceTree = "<group>"; };
		D84DC0E21EA21F90000DE3DE /* GameSetupVM.swift */ = {isa = PBXFileReference; fileEncoding = 4; lastKnownFileType = sourcecode.swift; path = GameSetupVM.swift; sourceTree = "<group>"; };
		D84DC0E41EA220F8000DE3DE /* GameSetupVMTests.swift */ = {isa = PBXFileReference; fileEncoding = 4; lastKnownFileType = sourcecode.swift; path = GameSetupVMTests.swift; sourceTree = "<group>"; };
		D84DC0E61EA22AD3000DE3DE /* APIMocks.swift */ = {isa = PBXFileReference; fileEncoding = 4; lastKnownFileType = sourcecode.swift; path = APIMocks.swift; sourceTree = "<group>"; };
		D84DC0EA1EA23D96000DE3DE /* GameSetupVMMock.swift */ = {isa = PBXFileReference; fileEncoding = 4; lastKnownFileType = sourcecode.swift; path = GameSetupVMMock.swift; sourceTree = "<group>"; };
		D84DC0EC1EA23E51000DE3DE /* GameSetupVCTests.swift */ = {isa = PBXFileReference; fileEncoding = 4; lastKnownFileType = sourcecode.swift; path = GameSetupVCTests.swift; sourceTree = "<group>"; };
		D84DC0EE1EA245E0000DE3DE /* GameSettings.swift */ = {isa = PBXFileReference; fileEncoding = 4; lastKnownFileType = sourcecode.swift; path = GameSettings.swift; sourceTree = "<group>"; };
		D84DC0F11EA24968000DE3DE /* GameSettingsTests.swift */ = {isa = PBXFileReference; fileEncoding = 4; lastKnownFileType = sourcecode.swift; path = GameSettingsTests.swift; sourceTree = "<group>"; };
		D84DC0F31EA253D7000DE3DE /* ChooseCountButton.swift */ = {isa = PBXFileReference; fileEncoding = 4; lastKnownFileType = sourcecode.swift; path = ChooseCountButton.swift; sourceTree = "<group>"; };
		D84DC0F61EA25441000DE3DE /* Colors.swift */ = {isa = PBXFileReference; fileEncoding = 4; lastKnownFileType = sourcecode.swift; path = Colors.swift; sourceTree = "<group>"; };
		D84DC0FA1EA258C4000DE3DE /* main.swift */ = {isa = PBXFileReference; fileEncoding = 4; lastKnownFileType = sourcecode.swift; path = main.swift; sourceTree = "<group>"; };
		D84DC0FC1EA25D2D000DE3DE /* Alerts.swift */ = {isa = PBXFileReference; fileEncoding = 4; lastKnownFileType = sourcecode.swift; path = Alerts.swift; sourceTree = "<group>"; };
		D84DC0FF1EA25F85000DE3DE /* MainAppFlow.swift */ = {isa = PBXFileReference; fileEncoding = 4; lastKnownFileType = sourcecode.swift; path = MainAppFlow.swift; sourceTree = "<group>"; };
		D84DC1021EA26C8C000DE3DE /* GameVC.swift */ = {isa = PBXFileReference; fileEncoding = 4; lastKnownFileType = sourcecode.swift; path = GameVC.swift; sourceTree = "<group>"; };
		D84DC1051EA26F94000DE3DE /* GameVM.swift */ = {isa = PBXFileReference; fileEncoding = 4; lastKnownFileType = sourcecode.swift; path = GameVM.swift; sourceTree = "<group>"; };
		D84DC1081EA27049000DE3DE /* Card.swift */ = {isa = PBXFileReference; fileEncoding = 4; lastKnownFileType = sourcecode.swift; path = Card.swift; sourceTree = "<group>"; };
		D84DC10A1EA27167000DE3DE /* GameVMTests.swift */ = {isa = PBXFileReference; fileEncoding = 4; lastKnownFileType = sourcecode.swift; path = GameVMTests.swift; sourceTree = "<group>"; };
		D84DC10D1EA273F6000DE3DE /* CollectionShuffle.swift */ = {isa = PBXFileReference; fileEncoding = 4; lastKnownFileType = sourcecode.swift; path = CollectionShuffle.swift; sourceTree = "<group>"; };
		D84DC1101EA27C13000DE3DE /* CardTests.swift */ = {isa = PBXFileReference; fileEncoding = 4; lastKnownFileType = sourcecode.swift; path = CardTests.swift; sourceTree = "<group>"; };
		D84DC1131EA297AC000DE3DE /* CardView.swift */ = {isa = PBXFileReference; fileEncoding = 4; lastKnownFileType = sourcecode.swift; path = CardView.swift; sourceTree = "<group>"; };
		D84DC1151EA2A0B0000DE3DE /* PinToSuperview.swift */ = {isa = PBXFileReference; fileEncoding = 4; lastKnownFileType = sourcecode.swift; path = PinToSuperview.swift; sourceTree = "<group>"; };
/* End PBXFileReference section */

/* Begin PBXFrameworksBuildPhase section */
		D8389D0F1EA111DE003E1D45 /* Frameworks */ = {
			isa = PBXFrameworksBuildPhase;
			buildActionMask = 2147483647;
			files = (
				D84DC0911EA119E7000DE3DE /* SwiftyJSON.framework in Frameworks */,
				D84DC08F1EA119E7000DE3DE /* ReactiveSwift.framework in Frameworks */,
				D84DC0871EA119E7000DE3DE /* Result.framework in Frameworks */,
				D84DC08D1EA119E7000DE3DE /* ReactiveCocoa.framework in Frameworks */,
			);
			runOnlyForDeploymentPostprocessing = 0;
		};
		D8389D231EA111DE003E1D45 /* Frameworks */ = {
			isa = PBXFrameworksBuildPhase;
			buildActionMask = 2147483647;
			files = (
				D84DC0A11EA1304F000DE3DE /* ReactiveCocoa.framework in Frameworks */,
				D84DC0A21EA1304F000DE3DE /* ReactiveSwift.framework in Frameworks */,
				D84DC0941EA11A2A000DE3DE /* Quick.framework in Frameworks */,
				D84DC0951EA11A2A000DE3DE /* Nimble.framework in Frameworks */,
			);
			runOnlyForDeploymentPostprocessing = 0;
		};
/* End PBXFrameworksBuildPhase section */

/* Begin PBXGroup section */
		D8389D091EA111DE003E1D45 = {
			isa = PBXGroup;
			children = (
				D84DC07A1EA11997000DE3DE /* Frameworks */,
				D8389D131EA111DE003E1D45 /* Products */,
				D84DC0B11EA160E3000DE3DE /* SoundCloudMemoryGame */,
				D8389D291EA111DE003E1D45 /* TestResources */,
				D84DC0781EA1182F000DE3DE /* cartfile */,
			);
			sourceTree = "<group>";
		};
		D8389D131EA111DE003E1D45 /* Products */ = {
			isa = PBXGroup;
			children = (
				D8389D121EA111DE003E1D45 /* SoundCloudMemoryGame.app */,
				D8389D261EA111DE003E1D45 /* SoundCloudMemoryGameTests.xctest */,
			);
			name = Products;
			sourceTree = "<group>";
		};
		D8389D291EA111DE003E1D45 /* TestResources */ = {
			isa = PBXGroup;
			children = (
				D8389D2C1EA111DE003E1D45 /* Info.plist */,
				D84DC0AE1EA15020000DE3DE /* apiMockResponse.json */,
				D84DC0DA1EA16D51000DE3DE /* paul.jpg */,
				D84DC0DB1EA16D51000DE3DE /* ringo.jpg */,
			);
			path = TestResources;
			sourceTree = "<group>";
		};
		D84DC07A1EA11997000DE3DE /* Frameworks */ = {
			isa = PBXGroup;
			children = (
				D84DC07B1EA11997000DE3DE /* Result.framework */,
				D84DC07C1EA11997000DE3DE /* Quick.framework */,
				D84DC07D1EA11997000DE3DE /* Nimble.framework */,
				D84DC07E1EA11997000DE3DE /* ReactiveCocoa.framework */,
				D84DC07F1EA11997000DE3DE /* ReactiveSwift.framework */,
				D84DC0801EA11997000DE3DE /* SwiftyJSON.framework */,
			);
			name = Frameworks;
			sourceTree = "<group>";
		};
		D84DC0B11EA160E3000DE3DE /* SoundCloudMemoryGame */ = {
			isa = PBXGroup;
			children = (
				D84DC10C1EA273DE000DE3DE /* Helpers */,
				D84DC0FE1EA25F73000DE3DE /* Flows */,
				D84DC0CE1EA16110000DE3DE /* Errors */,
				D84DC0F01EA24959000DE3DE /* GameSettings */,
				D84DC0CA1EA160EC000DE3DE /* Model */,
				D84DC0CD1EA16106000DE3DE /* Networking */,
				D84DC0E01EA21EE5000DE3DE /* Scenes */,
				D84DC0F51EA25437000DE3DE /* Appearance */,
				D84DC0B41EA160E3000DE3DE /* AppDelegate.swift */,
				D84DC0B51EA160E3000DE3DE /* Assets.xcassets */,
				D84DC0BE1EA160E3000DE3DE /* Info.plist */,
				D84DC0B61EA160E3000DE3DE /* LaunchScreen.storyboard */,
				D84DC0B81EA160E3000DE3DE /* Main.storyboard */,
				D84DC0FA1EA258C4000DE3DE /* main.swift */,
			);
			path = SoundCloudMemoryGame;
			sourceTree = "<group>";
		};
		D84DC0CA1EA160EC000DE3DE /* Model */ = {
			isa = PBXGroup;
			children = (
				D84DC0CF1EA1615C000DE3DE /* ImageStore.swift */,
				D84DC10F1EA27C08000DE3DE /* Card */,
			);
			path = Model;
			sourceTree = "<group>";
		};
		D84DC0CB1EA160F9000DE3DE /* API */ = {
			isa = PBXGroup;
			children = (
				D84DC0B21EA160E3000DE3DE /* API.swift */,
				D84DC0E61EA22AD3000DE3DE /* APIMocks.swift */,
				D84DC0B31EA160E3000DE3DE /* APITests.swift */,
			);
			path = API;
			sourceTree = "<group>";
		};
		D84DC0CC1EA160FE000DE3DE /* Gateway */ = {
			isa = PBXGroup;
			children = (
				D84DC0BB1EA160E3000DE3DE /* Gateway.swift */,
				D84DC0BC1EA160E3000DE3DE /* GatewayMocks.swift */,
				D84DC0BD1EA160E3000DE3DE /* GatewayTests.swift */,
			);
			path = Gateway;
			sourceTree = "<group>";
		};
		D84DC0CD1EA16106000DE3DE /* Networking */ = {
			isa = PBXGroup;
			children = (
				D84DC0CB1EA160F9000DE3DE /* API */,
				D84DC0CC1EA160FE000DE3DE /* Gateway */,
			);
			path = Networking;
			sourceTree = "<group>";
		};
		D84DC0CE1EA16110000DE3DE /* Errors */ = {
			isa = PBXGroup;
			children = (
				D84DC0BA1EA160E3000DE3DE /* Errors.swift */,
				D84DC0FC1EA25D2D000DE3DE /* Alerts.swift */,
			);
			path = Errors;
			sourceTree = "<group>";
		};
		D84DC0E01EA21EE5000DE3DE /* Scenes */ = {
			isa = PBXGroup;
			children = (
				D84DC0E11EA21F6E000DE3DE /* GameSetup */,
				D84DC1011EA26BD2000DE3DE /* Game */,
			);
			path = Scenes;
			sourceTree = "<group>";
		};
		D84DC0E11EA21F6E000DE3DE /* GameSetup */ = {
			isa = PBXGroup;
			children = (
				D84DC0E91EA23D82000DE3DE /* ViewController */,
				D84DC0E81EA237BF000DE3DE /* ViewModel */,
				D84DC0F81EA2552C000DE3DE /* Views */,
			);
			path = GameSetup;
			sourceTree = "<group>";
		};
		D84DC0E81EA237BF000DE3DE /* ViewModel */ = {
			isa = PBXGroup;
			children = (
				D84DC0E21EA21F90000DE3DE /* GameSetupVM.swift */,
				D84DC0EA1EA23D96000DE3DE /* GameSetupVMMock.swift */,
				D84DC0E41EA220F8000DE3DE /* GameSetupVMTests.swift */,
			);
			path = ViewModel;
			sourceTree = "<group>";
		};
		D84DC0E91EA23D82000DE3DE /* ViewController */ = {
			isa = PBXGroup;
			children = (
				D84DC0DE1EA17D04000DE3DE /* GameSetupVC.swift */,
				D84DC0EC1EA23E51000DE3DE /* GameSetupVCTests.swift */,
			);
			path = ViewController;
			sourceTree = "<group>";
		};
		D84DC0F01EA24959000DE3DE /* GameSettings */ = {
			isa = PBXGroup;
			children = (
				D84DC0EE1EA245E0000DE3DE /* GameSettings.swift */,
				D84DC0F11EA24968000DE3DE /* GameSettingsTests.swift */,
			);
			path = GameSettings;
			sourceTree = "<group>";
		};
		D84DC0F51EA25437000DE3DE /* Appearance */ = {
			isa = PBXGroup;
			children = (
				D84DC0F61EA25441000DE3DE /* Colors.swift */,
			);
			path = Appearance;
			sourceTree = "<group>";
		};
		D84DC0F81EA2552C000DE3DE /* Views */ = {
			isa = PBXGroup;
			children = (
				D84DC0F31EA253D7000DE3DE /* ChooseCountButton.swift */,
			);
			path = Views;
			sourceTree = "<group>";
		};
		D84DC0FE1EA25F73000DE3DE /* Flows */ = {
			isa = PBXGroup;
			children = (
				D84DC0FF1EA25F85000DE3DE /* MainAppFlow.swift */,
			);
			path = Flows;
			sourceTree = "<group>";
		};
		D84DC1011EA26BD2000DE3DE /* Game */ = {
			isa = PBXGroup;
			children = (
				D84DC1121EA29793000DE3DE /* Views */,
				D84DC1041EA26C90000DE3DE /* ViewController */,
				D84DC1071EA26F9A000DE3DE /* ViewModel */,
			);
			path = Game;
			sourceTree = "<group>";
		};
		D84DC1041EA26C90000DE3DE /* ViewController */ = {
			isa = PBXGroup;
			children = (
				D84DC1021EA26C8C000DE3DE /* GameVC.swift */,
			);
			path = ViewController;
			sourceTree = "<group>";
		};
		D84DC1071EA26F9A000DE3DE /* ViewModel */ = {
			isa = PBXGroup;
			children = (
				D84DC1051EA26F94000DE3DE /* GameVM.swift */,
				D84DC10A1EA27167000DE3DE /* GameVMTests.swift */,
			);
			path = ViewModel;
			sourceTree = "<group>";
		};
		D84DC10C1EA273DE000DE3DE /* Helpers */ = {
			isa = PBXGroup;
			children = (
				D84DC10D1EA273F6000DE3DE /* CollectionShuffle.swift */,
				D84DC1151EA2A0B0000DE3DE /* PinToSuperview.swift */,
			);
			path = Helpers;
			sourceTree = "<group>";
		};
		D84DC10F1EA27C08000DE3DE /* Card */ = {
			isa = PBXGroup;
			children = (
				D84DC1081EA27049000DE3DE /* Card.swift */,
				D84DC1101EA27C13000DE3DE /* CardTests.swift */,
			);
			path = Card;
			sourceTree = "<group>";
		};
		D84DC1121EA29793000DE3DE /* Views */ = {
			isa = PBXGroup;
			children = (
				D84DC1131EA297AC000DE3DE /* CardView.swift */,
			);
			name = Views;
			path = Views;
			sourceTree = "<group>";
		};
/* End PBXGroup section */

/* Begin PBXNativeTarget section */
		D8389D111EA111DE003E1D45 /* SoundCloudMemoryGame */ = {
			isa = PBXNativeTarget;
			buildConfigurationList = D8389D2F1EA111DE003E1D45 /* Build configuration list for PBXNativeTarget "SoundCloudMemoryGame" */;
			buildPhases = (
				D8389D0E1EA111DE003E1D45 /* Sources */,
				D8389D0F1EA111DE003E1D45 /* Frameworks */,
				D8389D101EA111DE003E1D45 /* Resources */,
				D84DC0931EA119E8000DE3DE /* Embed Frameworks */,
			);
			buildRules = (
			);
			dependencies = (
			);
			name = SoundCloudMemoryGame;
			productName = SoundCloudMemoryGame;
			productReference = D8389D121EA111DE003E1D45 /* SoundCloudMemoryGame.app */;
			productType = "com.apple.product-type.application";
		};
		D8389D251EA111DE003E1D45 /* SoundCloudMemoryGameTests */ = {
			isa = PBXNativeTarget;
			buildConfigurationList = D8389D321EA111DE003E1D45 /* Build configuration list for PBXNativeTarget "SoundCloudMemoryGameTests" */;
			buildPhases = (
				D8389D221EA111DE003E1D45 /* Sources */,
				D8389D231EA111DE003E1D45 /* Frameworks */,
				D8389D241EA111DE003E1D45 /* Resources */,
				D84DC09B1EA1223A000DE3DE /* CopyFiles */,
			);
			buildRules = (
			);
			dependencies = (
				D8389D281EA111DE003E1D45 /* PBXTargetDependency */,
			);
			name = SoundCloudMemoryGameTests;
			productName = SoundCloudMemoryGameTests;
			productReference = D8389D261EA111DE003E1D45 /* SoundCloudMemoryGameTests.xctest */;
			productType = "com.apple.product-type.bundle.unit-test";
		};
/* End PBXNativeTarget section */

/* Begin PBXProject section */
		D8389D0A1EA111DE003E1D45 /* Project object */ = {
			isa = PBXProject;
			attributes = {
				LastSwiftUpdateCheck = 0830;
				LastUpgradeCheck = 0830;
				ORGANIZATIONNAME = VojtaStavik;
				TargetAttributes = {
					D8389D111EA111DE003E1D45 = {
						CreatedOnToolsVersion = 8.3.1;
						DevelopmentTeam = X53G3KMVA6;
						LastSwiftMigration = 0830;
						ProvisioningStyle = Automatic;
					};
					D8389D251EA111DE003E1D45 = {
						CreatedOnToolsVersion = 8.3.1;
						DevelopmentTeam = X53G3KMVA6;
						ProvisioningStyle = Automatic;
						TestTargetID = D8389D111EA111DE003E1D45;
					};
				};
			};
			buildConfigurationList = D8389D0D1EA111DE003E1D45 /* Build configuration list for PBXProject "SoundCloudMemoryGame" */;
			compatibilityVersion = "Xcode 3.2";
			developmentRegion = English;
			hasScannedForEncodings = 0;
			knownRegions = (
				en,
				Base,
			);
			mainGroup = D8389D091EA111DE003E1D45;
			productRefGroup = D8389D131EA111DE003E1D45 /* Products */;
			projectDirPath = "";
			projectRoot = "";
			targets = (
				D8389D111EA111DE003E1D45 /* SoundCloudMemoryGame */,
				D8389D251EA111DE003E1D45 /* SoundCloudMemoryGameTests */,
			);
		};
/* End PBXProject section */

/* Begin PBXResourcesBuildPhase section */
		D8389D101EA111DE003E1D45 /* Resources */ = {
			isa = PBXResourcesBuildPhase;
			buildActionMask = 2147483647;
			files = (
				D84DC0D81EA16316000DE3DE /* Main.storyboard in Resources */,
				D84DC0D71EA1630F000DE3DE /* Assets.xcassets in Resources */,
			);
			runOnlyForDeploymentPostprocessing = 0;
		};
		D8389D241EA111DE003E1D45 /* Resources */ = {
			isa = PBXResourcesBuildPhase;
			buildActionMask = 2147483647;
			files = (
				D84DC0C31EA160E3000DE3DE /* LaunchScreen.storyboard in Resources */,
				D84DC0DC1EA16D51000DE3DE /* paul.jpg in Resources */,
				D84DC0AF1EA15020000DE3DE /* apiMockResponse.json in Resources */,
				D84DC0DD1EA16D51000DE3DE /* ringo.jpg in Resources */,
			);
			runOnlyForDeploymentPostprocessing = 0;
		};
/* End PBXResourcesBuildPhase section */

/* Begin PBXSourcesBuildPhase section */
		D8389D0E1EA111DE003E1D45 /* Sources */ = {
			isa = PBXSourcesBuildPhase;
			buildActionMask = 2147483647;
			files = (
				D84DC0EF1EA245E0000DE3DE /* GameSettings.swift in Sources */,
				D84DC0F71EA25441000DE3DE /* Colors.swift in Sources */,
				D84DC0DF1EA17D04000DE3DE /* GameSetupVC.swift in Sources */,
				D84DC0D11EA1624E000DE3DE /* API.swift in Sources */,
				D84DC1161EA2A0B0000DE3DE /* PinToSuperview.swift in Sources */,
				D84DC1031EA26C8C000DE3DE /* GameVC.swift in Sources */,
				D84DC1001EA25F85000DE3DE /* MainAppFlow.swift in Sources */,
				D84DC0D41EA16278000DE3DE /* Errors.swift in Sources */,
				D84DC0D51EA16278000DE3DE /* Gateway.swift in Sources */,
				D84DC0D61EA162EF000DE3DE /* AppDelegate.swift in Sources */,
				D84DC0FB1EA258C4000DE3DE /* main.swift in Sources */,
				D84DC1141EA297AC000DE3DE /* CardView.swift in Sources */,
				D84DC0D01EA1615C000DE3DE /* ImageStore.swift in Sources */,
				D84DC10E1EA273F6000DE3DE /* CollectionShuffle.swift in Sources */,
				D84DC0E31EA21F90000DE3DE /* GameSetupVM.swift in Sources */,
				D84DC0FD1EA25D2D000DE3DE /* Alerts.swift in Sources */,
				D84DC1061EA26F94000DE3DE /* GameVM.swift in Sources */,
				D84DC0F41EA253D7000DE3DE /* ChooseCountButton.swift in Sources */,
				D84DC1091EA27049000DE3DE /* Card.swift in Sources */,
			);
			runOnlyForDeploymentPostprocessing = 0;
		};
		D8389D221EA111DE003E1D45 /* Sources */ = {
			isa = PBXSourcesBuildPhase;
			buildActionMask = 2147483647;
			files = (
				D84DC0F21EA24968000DE3DE /* GameSettingsTests.swift in Sources */,
				D84DC0C81EA160E3000DE3DE /* GatewayTests.swift in Sources */,
				D84DC10B1EA27167000DE3DE /* GameVMTests.swift in Sources */,
				D84DC0C71EA160E3000DE3DE /* GatewayMocks.swift in Sources */,
				D84DC0EB1EA23D96000DE3DE /* GameSetupVMMock.swift in Sources */,
				D84DC0E51EA220F8000DE3DE /* GameSetupVMTests.swift in Sources */,
				D84DC0C01EA160E3000DE3DE /* APITests.swift in Sources */,
				D84DC1111EA27C13000DE3DE /* CardTests.swift in Sources */,
				D84DC0ED1EA23E51000DE3DE /* GameSetupVCTests.swift in Sources */,
				D84DC0E71EA22AD3000DE3DE /* APIMocks.swift in Sources */,
			);
			runOnlyForDeploymentPostprocessing = 0;
		};
/* End PBXSourcesBuildPhase section */

/* Begin PBXTargetDependency section */
		D8389D281EA111DE003E1D45 /* PBXTargetDependency */ = {
			isa = PBXTargetDependency;
			target = D8389D111EA111DE003E1D45 /* SoundCloudMemoryGame */;
			targetProxy = D8389D271EA111DE003E1D45 /* PBXContainerItemProxy */;
		};
/* End PBXTargetDependency section */

/* Begin PBXVariantGroup section */
		D84DC0B61EA160E3000DE3DE /* LaunchScreen.storyboard */ = {
			isa = PBXVariantGroup;
			children = (
				D84DC0B71EA160E3000DE3DE /* Base */,
			);
			name = LaunchScreen.storyboard;
			path = .;
			sourceTree = "<group>";
		};
		D84DC0B81EA160E3000DE3DE /* Main.storyboard */ = {
			isa = PBXVariantGroup;
			children = (
				D84DC0B91EA160E3000DE3DE /* Base */,
			);
			name = Main.storyboard;
			path = .;
			sourceTree = "<group>";
		};
/* End PBXVariantGroup section */

/* Begin XCBuildConfiguration section */
		D8389D2D1EA111DE003E1D45 /* Debug */ = {
			isa = XCBuildConfiguration;
			buildSettings = {
				ALWAYS_SEARCH_USER_PATHS = NO;
				CLANG_ANALYZER_NONNULL = YES;
				CLANG_ANALYZER_NUMBER_OBJECT_CONVERSION = YES_AGGRESSIVE;
				CLANG_CXX_LANGUAGE_STANDARD = "gnu++0x";
				CLANG_CXX_LIBRARY = "libc++";
				CLANG_ENABLE_MODULES = YES;
				CLANG_ENABLE_OBJC_ARC = YES;
				CLANG_WARN_BOOL_CONVERSION = YES;
				CLANG_WARN_CONSTANT_CONVERSION = YES;
				CLANG_WARN_DIRECT_OBJC_ISA_USAGE = YES_ERROR;
				CLANG_WARN_DOCUMENTATION_COMMENTS = YES;
				CLANG_WARN_EMPTY_BODY = YES;
				CLANG_WARN_ENUM_CONVERSION = YES;
				CLANG_WARN_INFINITE_RECURSION = YES;
				CLANG_WARN_INT_CONVERSION = YES;
				CLANG_WARN_OBJC_ROOT_CLASS = YES_ERROR;
				CLANG_WARN_SUSPICIOUS_MOVE = YES;
				CLANG_WARN_UNREACHABLE_CODE = YES;
				CLANG_WARN__DUPLICATE_METHOD_MATCH = YES;
				"CODE_SIGN_IDENTITY[sdk=iphoneos*]" = "iPhone Developer";
				COPY_PHASE_STRIP = NO;
				DEBUG_INFORMATION_FORMAT = dwarf;
				ENABLE_STRICT_OBJC_MSGSEND = YES;
				ENABLE_TESTABILITY = YES;
				GCC_C_LANGUAGE_STANDARD = gnu99;
				GCC_DYNAMIC_NO_PIC = NO;
				GCC_NO_COMMON_BLOCKS = YES;
				GCC_OPTIMIZATION_LEVEL = 0;
				GCC_PREPROCESSOR_DEFINITIONS = (
					"DEBUG=1",
					"$(inherited)",
				);
				GCC_WARN_64_TO_32_BIT_CONVERSION = YES;
				GCC_WARN_ABOUT_RETURN_TYPE = YES_ERROR;
				GCC_WARN_UNDECLARED_SELECTOR = YES;
				GCC_WARN_UNINITIALIZED_AUTOS = YES_AGGRESSIVE;
				GCC_WARN_UNUSED_FUNCTION = YES;
				GCC_WARN_UNUSED_VARIABLE = YES;
				IPHONEOS_DEPLOYMENT_TARGET = 10.0;
				MTL_ENABLE_DEBUG_INFO = YES;
				ONLY_ACTIVE_ARCH = YES;
				SDKROOT = iphoneos;
				SWIFT_ACTIVE_COMPILATION_CONDITIONS = DEBUG;
				SWIFT_OPTIMIZATION_LEVEL = "-Onone";
				TARGETED_DEVICE_FAMILY = "1,2";
			};
			name = Debug;
		};
		D8389D2E1EA111DE003E1D45 /* Release */ = {
			isa = XCBuildConfiguration;
			buildSettings = {
				ALWAYS_SEARCH_USER_PATHS = NO;
				CLANG_ANALYZER_NONNULL = YES;
				CLANG_ANALYZER_NUMBER_OBJECT_CONVERSION = YES_AGGRESSIVE;
				CLANG_CXX_LANGUAGE_STANDARD = "gnu++0x";
				CLANG_CXX_LIBRARY = "libc++";
				CLANG_ENABLE_MODULES = YES;
				CLANG_ENABLE_OBJC_ARC = YES;
				CLANG_WARN_BOOL_CONVERSION = YES;
				CLANG_WARN_CONSTANT_CONVERSION = YES;
				CLANG_WARN_DIRECT_OBJC_ISA_USAGE = YES_ERROR;
				CLANG_WARN_DOCUMENTATION_COMMENTS = YES;
				CLANG_WARN_EMPTY_BODY = YES;
				CLANG_WARN_ENUM_CONVERSION = YES;
				CLANG_WARN_INFINITE_RECURSION = YES;
				CLANG_WARN_INT_CONVERSION = YES;
				CLANG_WARN_OBJC_ROOT_CLASS = YES_ERROR;
				CLANG_WARN_SUSPICIOUS_MOVE = YES;
				CLANG_WARN_UNREACHABLE_CODE = YES;
				CLANG_WARN__DUPLICATE_METHOD_MATCH = YES;
				"CODE_SIGN_IDENTITY[sdk=iphoneos*]" = "iPhone Developer";
				COPY_PHASE_STRIP = NO;
				DEBUG_INFORMATION_FORMAT = "dwarf-with-dsym";
				ENABLE_NS_ASSERTIONS = NO;
				ENABLE_STRICT_OBJC_MSGSEND = YES;
				GCC_C_LANGUAGE_STANDARD = gnu99;
				GCC_NO_COMMON_BLOCKS = YES;
				GCC_WARN_64_TO_32_BIT_CONVERSION = YES;
				GCC_WARN_ABOUT_RETURN_TYPE = YES_ERROR;
				GCC_WARN_UNDECLARED_SELECTOR = YES;
				GCC_WARN_UNINITIALIZED_AUTOS = YES_AGGRESSIVE;
				GCC_WARN_UNUSED_FUNCTION = YES;
				GCC_WARN_UNUSED_VARIABLE = YES;
				IPHONEOS_DEPLOYMENT_TARGET = 10.0;
				MTL_ENABLE_DEBUG_INFO = NO;
				SDKROOT = iphoneos;
				SWIFT_OPTIMIZATION_LEVEL = "-Owholemodule";
				TARGETED_DEVICE_FAMILY = "1,2";
				VALIDATE_PRODUCT = YES;
			};
			name = Release;
		};
		D8389D301EA111DE003E1D45 /* Debug */ = {
			isa = XCBuildConfiguration;
			buildSettings = {
				ASSETCATALOG_COMPILER_APPICON_NAME = AppIcon;
				CLANG_ENABLE_MODULES = YES;
				"CODE_SIGN_IDENTITY[sdk=iphoneos*]" = "iPhone Developer";
				DEFINES_MODULE = YES;
				DEVELOPMENT_TEAM = X53G3KMVA6;
				FRAMEWORK_SEARCH_PATHS = (
					"$(inherited)",
					"$(PROJECT_DIR)/Carthage/Build/iOS",
				);
				INFOPLIST_FILE = SoundCloudMemoryGame/Info.plist;
				IPHONEOS_DEPLOYMENT_TARGET = 10.0;
				LD_RUNPATH_SEARCH_PATHS = "$(inherited) @executable_path/Frameworks";
				PRODUCT_BUNDLE_IDENTIFIER = com.VojtaStavik.SoundCloudMemoryGame;
				PRODUCT_NAME = "$(TARGET_NAME)";
				PROVISIONING_PROFILE_SPECIFIER = "";
				SWIFT_OPTIMIZATION_LEVEL = "-Onone";
				SWIFT_VERSION = 3.0;
			};
			name = Debug;
		};
		D8389D311EA111DE003E1D45 /* Release */ = {
			isa = XCBuildConfiguration;
			buildSettings = {
				ASSETCATALOG_COMPILER_APPICON_NAME = AppIcon;
				CLANG_ENABLE_MODULES = YES;
				"CODE_SIGN_IDENTITY[sdk=iphoneos*]" = "iPhone Developer";
				DEFINES_MODULE = YES;
				DEVELOPMENT_TEAM = X53G3KMVA6;
				FRAMEWORK_SEARCH_PATHS = (
					"$(inherited)",
					"$(PROJECT_DIR)/Carthage/Build/iOS",
				);
				INFOPLIST_FILE = SoundCloudMemoryGame/Info.plist;
				IPHONEOS_DEPLOYMENT_TARGET = 10.0;
				LD_RUNPATH_SEARCH_PATHS = "$(inherited) @executable_path/Frameworks";
				PRODUCT_BUNDLE_IDENTIFIER = com.VojtaStavik.SoundCloudMemoryGame;
				PRODUCT_NAME = "$(TARGET_NAME)";
				PROVISIONING_PROFILE_SPECIFIER = "";
				SWIFT_VERSION = 3.0;
			};
			name = Release;
		};
		D8389D331EA111DE003E1D45 /* Debug */ = {
			isa = XCBuildConfiguration;
			buildSettings = {
				ALWAYS_EMBED_SWIFT_STANDARD_LIBRARIES = YES;
				BUNDLE_LOADER = "$(TEST_HOST)";
				DEVELOPMENT_TEAM = X53G3KMVA6;
				FRAMEWORK_SEARCH_PATHS = (
					"$(inherited)",
					"$(PROJECT_DIR)/Carthage/Build/iOS",
				);
				INFOPLIST_FILE = TestResources/Info.plist;
				LD_RUNPATH_SEARCH_PATHS = "$(inherited) @executable_path/Frameworks @loader_path/Frameworks";
				PRODUCT_BUNDLE_IDENTIFIER = com.VojtaStavik.SoundCloudMemoryGameTests;
				PRODUCT_NAME = "$(TARGET_NAME)";
				SWIFT_VERSION = 3.0;
				TEST_HOST = "$(BUILT_PRODUCTS_DIR)/SoundCloudMemoryGame.app/SoundCloudMemoryGame";
			};
			name = Debug;
		};
		D8389D341EA111DE003E1D45 /* Release */ = {
			isa = XCBuildConfiguration;
			buildSettings = {
				ALWAYS_EMBED_SWIFT_STANDARD_LIBRARIES = YES;
				BUNDLE_LOADER = "$(TEST_HOST)";
				DEVELOPMENT_TEAM = X53G3KMVA6;
				FRAMEWORK_SEARCH_PATHS = (
					"$(inherited)",
					"$(PROJECT_DIR)/Carthage/Build/iOS",
				);
				INFOPLIST_FILE = TestResources/Info.plist;
				LD_RUNPATH_SEARCH_PATHS = "$(inherited) @executable_path/Frameworks @loader_path/Frameworks";
				PRODUCT_BUNDLE_IDENTIFIER = com.VojtaStavik.SoundCloudMemoryGameTests;
				PRODUCT_NAME = "$(TARGET_NAME)";
				SWIFT_VERSION = 3.0;
				TEST_HOST = "$(BUILT_PRODUCTS_DIR)/SoundCloudMemoryGame.app/SoundCloudMemoryGame";
			};
			name = Release;
		};
/* End XCBuildConfiguration section */

/* Begin XCConfigurationList section */
		D8389D0D1EA111DE003E1D45 /* Build configuration list for PBXProject "SoundCloudMemoryGame" */ = {
			isa = XCConfigurationList;
			buildConfigurations = (
				D8389D2D1EA111DE003E1D45 /* Debug */,
				D8389D2E1EA111DE003E1D45 /* Release */,
			);
			defaultConfigurationIsVisible = 0;
			defaultConfigurationName = Release;
		};
		D8389D2F1EA111DE003E1D45 /* Build configuration list for PBXNativeTarget "SoundCloudMemoryGame" */ = {
			isa = XCConfigurationList;
			buildConfigurations = (
				D8389D301EA111DE003E1D45 /* Debug */,
				D8389D311EA111DE003E1D45 /* Release */,
			);
			defaultConfigurationIsVisible = 0;
			defaultConfigurationName = Release;
		};
		D8389D321EA111DE003E1D45 /* Build configuration list for PBXNativeTarget "SoundCloudMemoryGameTests" */ = {
			isa = XCConfigurationList;
			buildConfigurations = (
				D8389D331EA111DE003E1D45 /* Debug */,
				D8389D341EA111DE003E1D45 /* Release */,
			);
			defaultConfigurationIsVisible = 0;
			defaultConfigurationName = Release;
		};
/* End XCConfigurationList section */
	};
	rootObject = D8389D0A1EA111DE003E1D45 /* Project object */;
}
